{
    "name": "@coredat/fetch",
    "version": "1.0.0",
    "lockfileVersion": 3,
    "requires": true,
    "packages": {
        "": {
            "name": "@coredat/fetch",
            "version": "1.0.0",
            "license": "MIT",
            "dependencies": {
                "uilib": "file:../uilib/build"
            },
            "devDependencies": {
                "typescript": "^5.4.5"
            },
            "peerDependencies": {
                "@opentelemetry/api": "^1.8.0",
                "@opentelemetry/exporter-trace-otlp-http": "^0.50.0",
                "@opentelemetry/resources": "^1.23.0",
                "@opentelemetry/sdk-trace-base": "^1.23.0",
                "@opentelemetry/semantic-conventions": "^1.23.0"
            }
        },
        "../uilib/build": {},
        "node_modules/@opentelemetry/api": {
            "version": "1.8.0",
            "resolved": "https://registry.npmjs.org/@opentelemetry/api/-/api-1.8.0.tgz",
            "integrity": "sha512-I/s6F7yKUDdtMsoBWXJe8Qz40Tui5vsuKCWJEWVL+5q9sSWRzzx6v2KeNsOBEwd94j0eWkpWCH4yB6rZg9Mf0w==",
            "peer": true,
            "engines": {
                "node": ">=8.0.0"
            }
        },
        "node_modules/@opentelemetry/api-logs": {
            "version": "0.50.0",
            "resolved": "https://registry.npmjs.org/@opentelemetry/api-logs/-/api-logs-0.50.0.tgz",
            "integrity": "sha512-JdZuKrhOYggqOpUljAq4WWNi5nB10PmgoF0y2CvedLGXd0kSawb/UBnWT8gg1ND3bHCNHStAIVT0ELlxJJRqrA==",
            "peer": true,
            "dependencies": {
                "@opentelemetry/api": "^1.0.0"
            },
            "engines": {
                "node": ">=14"
            }
        },
        "node_modules/@opentelemetry/core": {
            "version": "1.23.0",
            "resolved": "https://registry.npmjs.org/@opentelemetry/core/-/core-1.23.0.tgz",
            "integrity": "sha512-hdQ/a9TMzMQF/BO8Cz1juA43/L5YGtCSiKoOHmrTEf7VMDAZgy8ucpWx3eQTnQ3gBloRcWtzvcrMZABC3PTSKQ==",
            "peer": true,
            "dependencies": {
                "@opentelemetry/semantic-conventions": "1.23.0"
            },
            "engines": {
                "node": ">=14"
            },
            "peerDependencies": {
                "@opentelemetry/api": ">=1.0.0 <1.9.0"
            }
        },
        "node_modules/@opentelemetry/exporter-trace-otlp-http": {
            "version": "0.50.0",
            "resolved": "https://registry.npmjs.org/@opentelemetry/exporter-trace-otlp-http/-/exporter-trace-otlp-http-0.50.0.tgz",
            "integrity": "sha512-L7OtIMT7MsFqkmhbQlPBGRXt7152VN5esHpQEJYIBFedOEo3Da+yHpu5ojMZtPzpIvSpB5Xr5lnJUjJCbkttCA==",
            "peer": true,
            "dependencies": {
                "@opentelemetry/core": "1.23.0",
                "@opentelemetry/otlp-exporter-base": "0.50.0",
                "@opentelemetry/otlp-transformer": "0.50.0",
                "@opentelemetry/resources": "1.23.0",
                "@opentelemetry/sdk-trace-base": "1.23.0"
            },
            "engines": {
                "node": ">=14"
            },
            "peerDependencies": {
                "@opentelemetry/api": "^1.0.0"
            }
        },
        "node_modules/@opentelemetry/otlp-exporter-base": {
            "version": "0.50.0",
            "resolved": "https://registry.npmjs.org/@opentelemetry/otlp-exporter-base/-/otlp-exporter-base-0.50.0.tgz",
            "integrity": "sha512-JUmjmrCmE1/fc4LjCQMqLfudgSl5OpUkzx7iA94b4jgeODM7zWxUoVXL7/CT7fWf47Cn+pmKjMvTCSESqZZ3mA==",
            "peer": true,
            "dependencies": {
                "@opentelemetry/core": "1.23.0"
            },
            "engines": {
                "node": ">=14"
            },
            "peerDependencies": {
                "@opentelemetry/api": "^1.0.0"
            }
        },
        "node_modules/@opentelemetry/otlp-transformer": {
            "version": "0.50.0",
            "resolved": "https://registry.npmjs.org/@opentelemetry/otlp-transformer/-/otlp-transformer-0.50.0.tgz",
            "integrity": "sha512-s0sl1Yfqd5q1Kjrf6DqXPWzErL+XHhrXOfejh4Vc/SMTNqC902xDsC8JQxbjuramWt/+hibfguIvi7Ns8VLolA==",
            "peer": true,
            "dependencies": {
                "@opentelemetry/api-logs": "0.50.0",
                "@opentelemetry/core": "1.23.0",
                "@opentelemetry/resources": "1.23.0",
                "@opentelemetry/sdk-logs": "0.50.0",
                "@opentelemetry/sdk-metrics": "1.23.0",
                "@opentelemetry/sdk-trace-base": "1.23.0"
            },
            "engines": {
                "node": ">=14"
            },
            "peerDependencies": {
                "@opentelemetry/api": ">=1.3.0 <1.9.0"
            }
        },
        "node_modules/@opentelemetry/resources": {
            "version": "1.23.0",
            "resolved": "https://registry.npmjs.org/@opentelemetry/resources/-/resources-1.23.0.tgz",
            "integrity": "sha512-iPRLfVfcEQynYGo7e4Di+ti+YQTAY0h5mQEUJcHlU9JOqpb4x965O6PZ+wMcwYVY63G96KtdS86YCM1BF1vQZg==",
            "peer": true,
            "dependencies": {
                "@opentelemetry/core": "1.23.0",
                "@opentelemetry/semantic-conventions": "1.23.0"
            },
            "engines": {
                "node": ">=14"
            },
            "peerDependencies": {
                "@opentelemetry/api": ">=1.0.0 <1.9.0"
            }
        },
        "node_modules/@opentelemetry/sdk-logs": {
            "version": "0.50.0",
            "resolved": "https://registry.npmjs.org/@opentelemetry/sdk-logs/-/sdk-logs-0.50.0.tgz",
            "integrity": "sha512-PeUEupBB29p9nlPNqXoa1PUWNLsZnxG0DCDj3sHqzae+8y76B/A5hvZjg03ulWdnvBLYpnJslqzylG9E0IL87g==",
            "peer": true,
            "dependencies": {
                "@opentelemetry/core": "1.23.0",
                "@opentelemetry/resources": "1.23.0"
            },
            "engines": {
                "node": ">=14"
            },
            "peerDependencies": {
                "@opentelemetry/api": ">=1.4.0 <1.9.0",
                "@opentelemetry/api-logs": ">=0.39.1"
            }
        },
        "node_modules/@opentelemetry/sdk-metrics": {
            "version": "1.23.0",
            "resolved": "https://registry.npmjs.org/@opentelemetry/sdk-metrics/-/sdk-metrics-1.23.0.tgz",
            "integrity": "sha512-4OkvW6+wST4h6LFG23rXSTf6nmTf201h9dzq7bE0z5R9ESEVLERZz6WXwE7PSgg1gdjlaznm1jLJf8GttypFDg==",
            "peer": true,
            "dependencies": {
                "@opentelemetry/core": "1.23.0",
                "@opentelemetry/resources": "1.23.0",
                "lodash.merge": "^4.6.2"
            },
            "engines": {
                "node": ">=14"
            },
            "peerDependencies": {
                "@opentelemetry/api": ">=1.3.0 <1.9.0"
            }
        },
        "node_modules/@opentelemetry/sdk-trace-base": {
            "version": "1.23.0",
            "resolved": "https://registry.npmjs.org/@opentelemetry/sdk-trace-base/-/sdk-trace-base-1.23.0.tgz",
            "integrity": "sha512-PzBmZM8hBomUqvCddF/5Olyyviayka44O5nDWq673np3ctnvwMOvNrsUORZjKja1zJbwEuD9niAGbnVrz3jwRQ==",
            "peer": true,
            "dependencies": {
                "@opentelemetry/core": "1.23.0",
                "@opentelemetry/resources": "1.23.0",
                "@opentelemetry/semantic-conventions": "1.23.0"
            },
            "engines": {
                "node": ">=14"
            },
            "peerDependencies": {
                "@opentelemetry/api": ">=1.0.0 <1.9.0"
            }
        },
        "node_modules/@opentelemetry/semantic-conventions": {
            "version": "1.23.0",
            "resolved": "https://registry.npmjs.org/@opentelemetry/semantic-conventions/-/semantic-conventions-1.23.0.tgz",
            "integrity": "sha512-MiqFvfOzfR31t8cc74CTP1OZfz7MbqpAnLCra8NqQoaHJX6ncIRTdYOQYBDQ2uFISDq0WY8Y9dDTWvsgzzBYRg==",
            "peer": true,
            "engines": {
                "node": ">=14"
            }
        },
        "node_modules/lodash.merge": {
            "version": "4.6.2",
            "resolved": "https://registry.npmjs.org/lodash.merge/-/lodash.merge-4.6.2.tgz",
            "integrity": "sha512-0KpjqXRVvrYyCsX1swR/XTK0va6VQkQM6MNo7PqW77ByjAhoARA8EfrP1N4+KlKj8YS0ZUCtRT/YUuhyYDujIQ==",
            "peer": true
        },
        "node_modules/typescript": {
            "version": "5.4.5",
            "resolved": "https://registry.npmjs.org/typescript/-/typescript-5.4.5.tgz",
            "integrity": "sha512-vcI4UpRgg81oIRUFwR0WSIHKt11nJ7SAVlYNIu+QpqeyXP+gpQJy/Z4+F0aGxSE4MqwjyXvW/TzgkLAx2AGHwQ==",
            "dev": true,
            "bin": {
                "tsc": "bin/tsc",
                "tsserver": "bin/tsserver"
            },
            "engines": {
                "node": ">=14.17"
            }
        },
        "node_modules/uilib": {
            "resolved": "../uilib/build",
            "link": true
        }
    }
}
