{
    "name": "lit",
    "version": "1.0.0",
    "lockfileVersion": 3,
    "requires": true,
    "packages": {
        "": {
            "name": "lit",
            "version": "1.0.0",
            "license": "MIT",
            "dependencies": {
                "uilib": "file:../uilib/build"
            },
            "devDependencies": {
                "typescript": "^5.4.5"
            },
            "peerDependencies": {
                "lit-html": "^3.1.3"
            }
        },
        "../uilib": {
            "version": "1.0.0",
            "license": "MIT",
            "devDependencies": {
                "typescript": "^5.4.5"
            }
        },
        "../uilib/build": {},
        "node_modules/@types/trusted-types": {
            "version": "2.0.7",
            "resolved": "https://registry.npmjs.org/@types/trusted-types/-/trusted-types-2.0.7.tgz",
            "integrity": "sha512-ScaPdn1dQczgbl0QFTeTOmVHFULt394XJgOQNoyVhZ6r2vLnMLJfBPd53SB52T/3G36VI1/g2MZaX0cwDuXsfw==",
            "peer": true
        },
        "node_modules/lit-html": {
            "version": "3.1.3",
            "resolved": "https://registry.npmjs.org/lit-html/-/lit-html-3.1.3.tgz",
            "integrity": "sha512-FwIbqDD8O/8lM4vUZ4KvQZjPPNx7V1VhT7vmRB8RBAO0AU6wuTVdoXiu2CivVjEGdugvcbPNBLtPE1y0ifplHA==",
            "peer": true,
            "dependencies": {
                "@types/trusted-types": "^2.0.2"
            }
        },
        "node_modules/typescript": {
            "version": "5.4.5",
            "resolved": "https://registry.npmjs.org/typescript/-/typescript-5.4.5.tgz",
            "integrity": "sha512-vcI4UpRgg81oIRUFwR0WSIHKt11nJ7SAVlYNIu+QpqeyXP+gpQJy/Z4+F0aGxSE4MqwjyXvW/TzgkLAx2AGHwQ==",
            "dev": true,
            "bin": {
                "tsc": "bin/tsc",
                "tsserver": "bin/tsserver"
            },
            "engines": {
                "node": ">=14.17"
            }
        },
        "node_modules/uilib": {
            "resolved": "../uilib/build",
            "link": true
        }
    }
}
