{
    "name": "lit",
    "version": "1.0.0",
    "lockfileVersion": 3,
    "requires": true,
    "packages": {
        "": {
            "name": "lit",
            "version": "1.0.0",
            "license": "MIT",
            "dependencies": {
                "@coredat/fetch": "file:../fetch/build",
                "@coredat/tracing": "file:../tracing/build",
                "uilib": "file:../uilib/build"
            },
            "devDependencies": {
                "typescript": "^5.4.5"
            },
            "peerDependencies": {
                "@opentelemetry/api": "^1.8.0",
                "@opentelemetry/semantic-conventions": "^1.23.0"
            }
        },
        "../fetch/build": {},
        "../tracing/build": {},
        "../uilib/build": {},
        "node_modules/@coredat/fetch": {
            "resolved": "../fetch/build",
            "link": true
        },
        "node_modules/@coredat/tracing": {
            "resolved": "../tracing/build",
            "link": true
        },
        "node_modules/@opentelemetry/api": {
            "version": "1.8.0",
            "resolved": "https://registry.npmjs.org/@opentelemetry/api/-/api-1.8.0.tgz",
            "integrity": "sha512-I/s6F7yKUDdtMsoBWXJe8Qz40Tui5vsuKCWJEWVL+5q9sSWRzzx6v2KeNsOBEwd94j0eWkpWCH4yB6rZg9Mf0w==",
            "peer": true,
            "engines": {
                "node": ">=8.0.0"
            }
        },
        "node_modules/@opentelemetry/semantic-conventions": {
            "version": "1.23.0",
            "resolved": "https://registry.npmjs.org/@opentelemetry/semantic-conventions/-/semantic-conventions-1.23.0.tgz",
            "integrity": "sha512-MiqFvfOzfR31t8cc74CTP1OZfz7MbqpAnLCra8NqQoaHJX6ncIRTdYOQYBDQ2uFISDq0WY8Y9dDTWvsgzzBYRg==",
            "peer": true,
            "engines": {
                "node": ">=14"
            }
        },
        "node_modules/typescript": {
            "version": "5.4.5",
            "resolved": "https://registry.npmjs.org/typescript/-/typescript-5.4.5.tgz",
            "integrity": "sha512-vcI4UpRgg81oIRUFwR0WSIHKt11nJ7SAVlYNIu+QpqeyXP+gpQJy/Z4+F0aGxSE4MqwjyXvW/TzgkLAx2AGHwQ==",
            "dev": true,
            "bin": {
                "tsc": "bin/tsc",
                "tsserver": "bin/tsserver"
            },
            "engines": {
                "node": ">=14.17"
            }
        },
        "node_modules/uilib": {
            "resolved": "../uilib/build",
            "link": true
        }
    }
}
